Microsoft Visual Studio Solution File, Format Version 11.00
# Visual Studio 2008

Project("{0432313A-EB32-C88A-2124-5BCFA666A440}") = "Dash-Delta Project", "Assembly-CSharp-firstpass.csproj", "{7C185C9C-2F18-4B36-8D3C-8772E5C12BEE}"
EndProject
Global
	GlobalSection(SolutionConfigurationPlatforms) = preSolution
		Debug|Any CPU = Debug|Any CPU
		Release|Any CPU = Release|Any CPU
	EndGlobalSection
	GlobalSection(ProjectConfigurationPlatforms) = postSolution
		{7C185C9C-2F18-4B36-8D3C-8772E5C12BEE}.Debug|Any CPU.ActiveCfg = Debug|Any CPU
		{7C185C9C-2F18-4B36-8D3C-8772E5C12BEE}.Debug|Any CPU.Build.0 = Debug|Any CPU
		{7C185C9C-2F18-4B36-8D3C-8772E5C12BEE}.Release|Any CPU.ActiveCfg = Release|Any CPU
		{7C185C9C-2F18-4B36-8D3C-8772E5C12BEE}.Release|Any CPU.Build.0 = Release|Any CPU
	EndGlobalSection
	GlobalSection(SolutionProperties) = preSolution
		HideSolutionNode = FALSE
	EndGlobalSection
	GlobalSection(MonoDevelopProperties) = preSolution
		StartupItem = Assembly-CSharp.csproj
	EndGlobalSection
EndGlobal
